
Microsoft Visual Studio Solution File, Format Version 12.00
Project("{FAE04EC0-301F-11D3-BF4B-00C04F79EFBC}") = "WoW2.Sdk.Language.Serialization.Json.Abstractions", "WoW2.Sdk.Language.Serialization.Json.Abstractions\WoW2.Sdk.Language.Serialization.Json.Abstractions.csproj", "{99454A2D-4DF4-44BF-8878-7D714A976A40}"
EndProject
Project("{FAE04EC0-301F-11D3-BF4B-00C04F79EFBC}") = "WoW2.Sdk.Language.Serialization.Json.Newtonsoft", "WoW2.Sdk.Language.Serialization.Json.Newtonsoft\WoW2.Sdk.Language.Serialization.Json.Newtonsoft.csproj", "{FED19D5C-C11F-44E3-A986-1E20AB866297}"
EndProject
Project("{FAE04EC0-301F-11D3-BF4B-00C04F79EFBC}") = "WoW2.Sdk.Language.Serialization.Json.System", "WoW2.Sdk.Language.Serialization.Json.System\WoW2.Sdk.Language.Serialization.Json.System.csproj", "{39D49AFA-94E2-476C-87C2-46EDFEB21580}"
EndProject
Project("{2150E333-8FDC-42A3-9474-1A3956D46DE8}") = "Newtonsoft", "Newtonsoft", "{10E5C3A7-AB63-42A0-8464-B2F6910188BB}"
EndProject
Project("{2150E333-8FDC-42A3-9474-1A3956D46DE8}") = "System", "System", "{B31AF730-60AA-4C7F-BFB9-9FC93AADAE30}"
EndProject
Project("{FAE04EC0-301F-11D3-BF4B-00C04F79EFBC}") = "WoW2.Sdk.Language.Serialization.Json.Newtonsoft.Converters", "WoW2.Sdk.Language.Serialization.Json.Newtonsoft.Converters\WoW2.Sdk.Language.Serialization.Json.Newtonsoft.Converters.csproj", "{EB58F153-D40A-40F4-8BE3-F1E482D36F68}"
EndProject
Project("{FAE04EC0-301F-11D3-BF4B-00C04F79EFBC}") = "WoW2.Sdk.Language.Serialization.Json.Newtonsoft.DependencyInjection", "WoW2.Sdk.Language.Serialization.Json.Newtonsoft.DependencyInjection\WoW2.Sdk.Language.Serialization.Json.Newtonsoft.DependencyInjection.csproj", "{6407C4EE-1CFC-436D-9854-5B08CE576809}"
EndProject
Project("{FAE04EC0-301F-11D3-BF4B-00C04F79EFBC}") = "WoW2.Sdk.Language.Serialization.Json.System.DependencyInjection", "WoW2.Sdk.Language.Serialization.Json.System.DependencyInjection\WoW2.Sdk.Language.Serialization.Json.System.DependencyInjection.csproj", "{FC8446A4-2F1C-4B64-BFCB-056E0D980F4D}"
EndProject
Global
	GlobalSection(SolutionConfigurationPlatforms) = preSolution
		Debug|Any CPU = Debug|Any CPU
		Release|Any CPU = Release|Any CPU
	EndGlobalSection
	GlobalSection(ProjectConfigurationPlatforms) = postSolution
		{99454A2D-4DF4-44BF-8878-7D714A976A40}.Debug|Any CPU.ActiveCfg = Debug|Any CPU
		{99454A2D-4DF4-44BF-8878-7D714A976A40}.Debug|Any CPU.Build.0 = Debug|Any CPU
		{99454A2D-4DF4-44BF-8878-7D714A976A40}.Release|Any CPU.ActiveCfg = Release|Any CPU
		{99454A2D-4DF4-44BF-8878-7D714A976A40}.Release|Any CPU.Build.0 = Release|Any CPU
		{FED19D5C-C11F-44E3-A986-1E20AB866297}.Debug|Any CPU.ActiveCfg = Debug|Any CPU
		{FED19D5C-C11F-44E3-A986-1E20AB866297}.Debug|Any CPU.Build.0 = Debug|Any CPU
		{FED19D5C-C11F-44E3-A986-1E20AB866297}.Release|Any CPU.ActiveCfg = Release|Any CPU
		{FED19D5C-C11F-44E3-A986-1E20AB866297}.Release|Any CPU.Build.0 = Release|Any CPU
		{39D49AFA-94E2-476C-87C2-46EDFEB21580}.Debug|Any CPU.ActiveCfg = Debug|Any CPU
		{39D49AFA-94E2-476C-87C2-46EDFEB21580}.Debug|Any CPU.Build.0 = Debug|Any CPU
		{39D49AFA-94E2-476C-87C2-46EDFEB21580}.Release|Any CPU.ActiveCfg = Release|Any CPU
		{39D49AFA-94E2-476C-87C2-46EDFEB21580}.Release|Any CPU.Build.0 = Release|Any CPU
		{EB58F153-D40A-40F4-8BE3-F1E482D36F68}.Debug|Any CPU.ActiveCfg = Debug|Any CPU
		{EB58F153-D40A-40F4-8BE3-F1E482D36F68}.Debug|Any CPU.Build.0 = Debug|Any CPU
		{EB58F153-D40A-40F4-8BE3-F1E482D36F68}.Release|Any CPU.ActiveCfg = Release|Any CPU
		{EB58F153-D40A-40F4-8BE3-F1E482D36F68}.Release|Any CPU.Build.0 = Release|Any CPU
		{6407C4EE-1CFC-436D-9854-5B08CE576809}.Debug|Any CPU.ActiveCfg = Debug|Any CPU
		{6407C4EE-1CFC-436D-9854-5B08CE576809}.Debug|Any CPU.Build.0 = Debug|Any CPU
		{6407C4EE-1CFC-436D-9854-5B08CE576809}.Release|Any CPU.ActiveCfg = Release|Any CPU
		{6407C4EE-1CFC-436D-9854-5B08CE576809}.Release|Any CPU.Build.0 = Release|Any CPU
		{FC8446A4-2F1C-4B64-BFCB-056E0D980F4D}.Debug|Any CPU.ActiveCfg = Debug|Any CPU
		{FC8446A4-2F1C-4B64-BFCB-056E0D980F4D}.Debug|Any CPU.Build.0 = Debug|Any CPU
		{FC8446A4-2F1C-4B64-BFCB-056E0D980F4D}.Release|Any CPU.ActiveCfg = Release|Any CPU
		{FC8446A4-2F1C-4B64-BFCB-056E0D980F4D}.Release|Any CPU.Build.0 = Release|Any CPU
	EndGlobalSection
	GlobalSection(NestedProjects) = preSolution
		{FED19D5C-C11F-44E3-A986-1E20AB866297} = {10E5C3A7-AB63-42A0-8464-B2F6910188BB}
		{39D49AFA-94E2-476C-87C2-46EDFEB21580} = {B31AF730-60AA-4C7F-BFB9-9FC93AADAE30}
		{EB58F153-D40A-40F4-8BE3-F1E482D36F68} = {10E5C3A7-AB63-42A0-8464-B2F6910188BB}
		{6407C4EE-1CFC-436D-9854-5B08CE576809} = {10E5C3A7-AB63-42A0-8464-B2F6910188BB}
		{FC8446A4-2F1C-4B64-BFCB-056E0D980F4D} = {B31AF730-60AA-4C7F-BFB9-9FC93AADAE30}
	EndGlobalSection
EndGlobal
